// !$*UTF8*$!
{
	archiveVersion = 1;
	classes = {
	};
	objectVersion = 56;
	objects = {

/* Begin PBXBuildFile section */
		F2141AEE2BEFF0B9007ED2D7 /* Sous_ChefApp.swift in Sources */ = {isa = PBXBuildFile; fileRef = F2141AED2BEFF0B9007ED2D7 /* Sous_ChefApp.swift */; };
		F2141AF02BEFF0B9007ED2D7 /* ContentView.swift in Sources */ = {isa = PBXBuildFile; fileRef = F2141AEF2BEFF0B9007ED2D7 /* ContentView.swift */; };
		F2141AF22BEFF0BA007ED2D7 /* Assets.xcassets in Resources */ = {isa = PBXBuildFile; fileRef = F2141AF12BEFF0BA007ED2D7 /* Assets.xcassets */; };
		F2141AF52BEFF0BA007ED2D7 /* Preview Assets.xcassets in Resources */ = {isa = PBXBuildFile; fileRef = F2141AF42BEFF0BA007ED2D7 /* Preview Assets.xcassets */; };
		F2141AFF2BEFF0BA007ED2D7 /* Sous_ChefTests.swift in Sources */ = {isa = PBXBuildFile; fileRef = F2141AFE2BEFF0BA007ED2D7 /* Sous_ChefTests.swift */; };
		F2141B092BEFF0BA007ED2D7 /* Sous_ChefUITests.swift in Sources */ = {isa = PBXBuildFile; fileRef = F2141B082BEFF0BA007ED2D7 /* Sous_ChefUITests.swift */; };
		F2141B0B2BEFF0BA007ED2D7 /* Sous_ChefUITestsLaunchTests.swift in Sources */ = {isa = PBXBuildFile; fileRef = F2141B0A2BEFF0BA007ED2D7 /* Sous_ChefUITestsLaunchTests.swift */; };
		F2141B182BF00DA4007ED2D7 /* SousSplash.swift in Sources */ = {isa = PBXBuildFile; fileRef = F2141B172BF00DA3007ED2D7 /* SousSplash.swift */; };
/* End PBXBuildFile section */

/* Begin PBXContainerItemProxy section */
		F2141AFB2BEFF0BA007ED2D7 /* PBXContainerItemProxy */ = {
			isa = PBXContainerItemProxy;
			containerPortal = F2141AE22BEFF0B8007ED2D7 /* Project object */;
			proxyType = 1;
			remoteGlobalIDString = F2141AE92BEFF0B9007ED2D7;
			remoteInfo = "Sous Chef";
		};
		F2141B052BEFF0BA007ED2D7 /* PBXContainerItemProxy */ = {
			isa = PBXContainerItemProxy;
			containerPortal = F2141AE22BEFF0B8007ED2D7 /* Project object */;
			proxyType = 1;
			remoteGlobalIDString = F2141AE92BEFF0B9007ED2D7;
			remoteInfo = "Sous Chef";
		};
/* End PBXContainerItemProxy section */

/* Begin PBXFileReference section */
		F2141AEA2BEFF0B9007ED2D7 /* Sous Chef.app */ = {isa = PBXFileReference; explicitFileType = wrapper.application; includeInIndex = 0; path = "Sous Chef.app"; sourceTree = BUILT_PRODUCTS_DIR; };
		F2141AED2BEFF0B9007ED2D7 /* Sous_ChefApp.swift */ = {isa = PBXFileReference; lastKnownFileType = sourcecode.swift; path = Sous_ChefApp.swift; sourceTree = "<group>"; };
		F2141AEF2BEFF0B9007ED2D7 /* ContentView.swift */ = {isa = PBXFileReference; lastKnownFileType = sourcecode.swift; path = ContentView.swift; sourceTree = "<group>"; };
		F2141AF12BEFF0BA007ED2D7 /* Assets.xcassets */ = {isa = PBXFileReference; lastKnownFileType = folder.assetcatalog; path = Assets.xcassets; sourceTree = "<group>"; };
		F2141AF42BEFF0BA007ED2D7 /* Preview Assets.xcassets */ = {isa = PBXFileReference; lastKnownFileType = folder.assetcatalog; path = "Preview Assets.xcassets"; sourceTree = "<group>"; };
		F2141AFA2BEFF0BA007ED2D7 /* Sous ChefTests.xctest */ = {isa = PBXFileReference; explicitFileType = wrapper.cfbundle; includeInIndex = 0; path = "Sous ChefTests.xctest"; sourceTree = BUILT_PRODUCTS_DIR; };
		F2141AFE2BEFF0BA007ED2D7 /* Sous_ChefTests.swift */ = {isa = PBXFileReference; lastKnownFileType = sourcecode.swift; path = Sous_ChefTests.swift; sourceTree = "<group>"; };
		F2141B042BEFF0BA007ED2D7 /* Sous ChefUITests.xctest */ = {isa = PBXFileReference; explicitFileType = wrapper.cfbundle; includeInIndex = 0; path = "Sous ChefUITests.xctest"; sourceTree = BUILT_PRODUCTS_DIR; };
		F2141B082BEFF0BA007ED2D7 /* Sous_ChefUITests.swift */ = {isa = PBXFileReference; lastKnownFileType = sourcecode.swift; path = Sous_ChefUITests.swift; sourceTree = "<group>"; };
		F2141B0A2BEFF0BA007ED2D7 /* Sous_ChefUITestsLaunchTests.swift */ = {isa = PBXFileReference; lastKnownFileType = sourcecode.swift; path = Sous_ChefUITestsLaunchTests.swift; sourceTree = "<group>"; };
		F2141B172BF00DA3007ED2D7 /* SousSplash.swift */ = {isa = PBXFileReference; lastKnownFileType = sourcecode.swift; path = SousSplash.swift; sourceTree = "<group>"; };
/* End PBXFileReference section */

/* Begin PBXFrameworksBuildPhase section */
		F2141AE72BEFF0B9007ED2D7 /* Frameworks */ = {
			isa = PBXFrameworksBuildPhase;
			buildActionMask = 2147483647;
			files = (
			);
			runOnlyForDeploymentPostprocessing = 0;
		};
		F2141AF72BEFF0BA007ED2D7 /* Frameworks */ = {
			isa = PBXFrameworksBuildPhase;
			buildActionMask = 2147483647;
			files = (
			);
			runOnlyForDeploymentPostprocessing = 0;
		};
		F2141B012BEFF0BA007ED2D7 /* Frameworks */ = {
			isa = PBXFrameworksBuildPhase;
			buildActionMask = 2147483647;
			files = (
			);
			runOnlyForDeploymentPostprocessing = 0;
		};
/* End PBXFrameworksBuildPhase section */

/* Begin PBXGroup section */
		F2141AE12BEFF0B8007ED2D7 = {
			isa = PBXGroup;
			children = (
				F2141AEC2BEFF0B9007ED2D7 /* Sous Chef */,
				F2141AFD2BEFF0BA007ED2D7 /* Sous ChefTests */,
				F2141B072BEFF0BA007ED2D7 /* Sous ChefUITests */,
				F2141AEB2BEFF0B9007ED2D7 /* Products */,
			);
			sourceTree = "<group>";
		};
		F2141AEB2BEFF0B9007ED2D7 /* Products */ = {
			isa = PBXGroup;
			children = (
				F2141AEA2BEFF0B9007ED2D7 /* Sous Chef.app */,
				F2141AFA2BEFF0BA007ED2D7 /* Sous ChefTests.xctest */,
				F2141B042BEFF0BA007ED2D7 /* Sous ChefUITests.xctest */,
			);
			name = Products;
			sourceTree = "<group>";
		};
		F2141AEC2BEFF0B9007ED2D7 /* Sous Chef */ = {
			isa = PBXGroup;
			children = (
				F2141AED2BEFF0B9007ED2D7 /* Sous_ChefApp.swift */,
				F2141AEF2BEFF0B9007ED2D7 /* ContentView.swift */,
				F2141AF12BEFF0BA007ED2D7 /* Assets.xcassets */,
				F2141AF32BEFF0BA007ED2D7 /* Preview Content */,
				F2141B172BF00DA3007ED2D7 /* SousSplash.swift */,
			);
			path = "Sous Chef";
			sourceTree = "<group>";
		};
		F2141AF32BEFF0BA007ED2D7 /* Preview Content */ = {
			isa = PBXGroup;
			children = (
				F2141AF42BEFF0BA007ED2D7 /* Preview Assets.xcassets */,
			);
			path = "Preview Content";
			sourceTree = "<group>";
		};
		F2141AFD2BEFF0BA007ED2D7 /* Sous ChefTests */ = {
			isa = PBXGroup;
			children = (
				F2141AFE2BEFF0BA007ED2D7 /* Sous_ChefTests.swift */,
			);
			path = "Sous ChefTests";
			sourceTree = "<group>";
		};
		F2141B072BEFF0BA007ED2D7 /* Sous ChefUITests */ = {
			isa = PBXGroup;
			children = (
				F2141B082BEFF0BA007ED2D7 /* Sous_ChefUITests.swift */,
				F2141B0A2BEFF0BA007ED2D7 /* Sous_ChefUITestsLaunchTests.swift */,
			);
			path = "Sous ChefUITests";
			sourceTree = "<group>";
		};
/* End PBXGroup section */

/* Begin PBXNativeTarget section */
		F2141AE92BEFF0B9007ED2D7 /* Sous Chef */ = {
			isa = PBXNativeTarget;
			buildConfigurationList = F2141B0E2BEFF0BA007ED2D7 /* Build configuration list for PBXNativeTarget "Sous Chef" */;
			buildPhases = (
				F2141AE62BEFF0B9007ED2D7 /* Sources */,
				F2141AE72BEFF0B9007ED2D7 /* Frameworks */,
				F2141AE82BEFF0B9007ED2D7 /* Resources */,
			);
			buildRules = (
			);
			dependencies = (
			);
			name = "Sous Chef";
			productName = "Sous Chef";
			productReference = F2141AEA2BEFF0B9007ED2D7 /* Sous Chef.app */;
			productType = "com.apple.product-type.application";
		};
		F2141AF92BEFF0BA007ED2D7 /* Sous ChefTests */ = {
			isa = PBXNativeTarget;
			buildConfigurationList = F2141B112BEFF0BA007ED2D7 /* Build configuration list for PBXNativeTarget "Sous ChefTests" */;
			buildPhases = (
				F2141AF62BEFF0BA007ED2D7 /* Sources */,
				F2141AF72BEFF0BA007ED2D7 /* Frameworks */,
				F2141AF82BEFF0BA007ED2D7 /* Resources */,
			);
			buildRules = (
			);
			dependencies = (
				F2141AFC2BEFF0BA007ED2D7 /* PBXTargetDependency */,
			);
			name = "Sous ChefTests";
			productName = "Sous ChefTests";
			productReference = F2141AFA2BEFF0BA007ED2D7 /* Sous ChefTests.xctest */;
			productType = "com.apple.product-type.bundle.unit-test";
		};
		F2141B032BEFF0BA007ED2D7 /* Sous ChefUITests */ = {
			isa = PBXNativeTarget;
			buildConfigurationList = F2141B142BEFF0BA007ED2D7 /* Build configuration list for PBXNativeTarget "Sous ChefUITests" */;
			buildPhases = (
				F2141B002BEFF0BA007ED2D7 /* Sources */,
				F2141B012BEFF0BA007ED2D7 /* Frameworks */,
				F2141B022BEFF0BA007ED2D7 /* Resources */,
			);
			buildRules = (
			);
			dependencies = (
				F2141B062BEFF0BA007ED2D7 /* PBXTargetDependency */,
			);
			name = "Sous ChefUITests";
			productName = "Sous ChefUITests";
			productReference = F2141B042BEFF0BA007ED2D7 /* Sous ChefUITests.xctest */;
			productType = "com.apple.product-type.bundle.ui-testing";
		};
/* End PBXNativeTarget section */

/* Begin PBXProject section */
		F2141AE22BEFF0B8007ED2D7 /* Project object */ = {
			isa = PBXProject;
			attributes = {
				BuildIndependentTargetsInParallel = 1;
				LastSwiftUpdateCheck = 1430;
				LastUpgradeCheck = 1430;
				TargetAttributes = {
					F2141AE92BEFF0B9007ED2D7 = {
						CreatedOnToolsVersion = 14.3.1;
					};
					F2141AF92BEFF0BA007ED2D7 = {
						CreatedOnToolsVersion = 14.3.1;
						TestTargetID = F2141AE92BEFF0B9007ED2D7;
					};
					F2141B032BEFF0BA007ED2D7 = {
						CreatedOnToolsVersion = 14.3.1;
						TestTargetID = F2141AE92BEFF0B9007ED2D7;
					};
				};
			};
			buildConfigurationList = F2141AE52BEFF0B8007ED2D7 /* Build configuration list for PBXProject "Sous Chef" */;
			compatibilityVersion = "Xcode 14.0";
			developmentRegion = en;
			hasScannedForEncodings = 0;
			knownRegions = (
				en,
				Base,
			);
			mainGroup = F2141AE12BEFF0B8007ED2D7;
			productRefGroup = F2141AEB2BEFF0B9007ED2D7 /* Products */;
			projectDirPath = "";
			projectRoot = "";
			targets = (
				F2141AE92BEFF0B9007ED2D7 /* Sous Chef */,
				F2141AF92BEFF0BA007ED2D7 /* Sous ChefTests */,
				F2141B032BEFF0BA007ED2D7 /* Sous ChefUITests */,
			);
		};
/* End PBXProject section */

/* Begin PBXResourcesBuildPhase section */
		F2141AE82BEFF0B9007ED2D7 /* Resources */ = {
			isa = PBXResourcesBuildPhase;
			buildActionMask = 2147483647;
			files = (
				F2141AF52BEFF0BA007ED2D7 /* Preview Assets.xcassets in Resources */,
				F2141AF22BEFF0BA007ED2D7 /* Assets.xcassets in Resources */,
			);
			runOnlyForDeploymentPostprocessing = 0;
		};
		F2141AF82BEFF0BA007ED2D7 /* Resources */ = {
			isa = PBXResourcesBuildPhase;
			buildActionMask = 2147483647;
			files = (
			);
			runOnlyForDeploymentPostprocessing = 0;
		};
		F2141B022BEFF0BA007ED2D7 /* Resources */ = {
			isa = PBXResourcesBuildPhase;
			buildActionMask = 2147483647;
			files = (
			);
			runOnlyForDeploymentPostprocessing = 0;
		};
/* End PBXResourcesBuildPhase section */

/* Begin PBXSourcesBuildPhase section */
		F2141AE62BEFF0B9007ED2D7 /* Sources */ = {
			isa = PBXSourcesBuildPhase;
			buildActionMask = 2147483647;
			files = (
				F2141AF02BEFF0B9007ED2D7 /* ContentView.swift in Sources */,
				F2141B182BF00DA4007ED2D7 /* SousSplash.swift in Sources */,
				F2141AEE2BEFF0B9007ED2D7 /* Sous_ChefApp.swift in Sources */,
			);
			runOnlyForDeploymentPostprocessing = 0;
		};
		F2141AF62BEFF0BA007ED2D7 /* Sources */ = {
			isa = PBXSourcesBuildPhase;
			buildActionMask = 2147483647;
			files = (
				F2141AFF2BEFF0BA007ED2D7 /* Sous_ChefTests.swift in Sources */,
			);
			runOnlyForDeploymentPostprocessing = 0;
		};
		F2141B002BEFF0BA007ED2D7 /* Sources */ = {
			isa = PBXSourcesBuildPhase;
			buildActionMask = 2147483647;
			files = (
				F2141B0B2BEFF0BA007ED2D7 /* Sous_ChefUITestsLaunchTests.swift in Sources */,
				F2141B092BEFF0BA007ED2D7 /* Sous_ChefUITests.swift in Sources */,
			);
			runOnlyForDeploymentPostprocessing = 0;
		};
/* End PBXSourcesBuildPhase section */

/* Begin PBXTargetDependency section */
		F2141AFC2BEFF0BA007ED2D7 /* PBXTargetDependency */ = {
			isa = PBXTargetDependency;
			target = F2141AE92BEFF0B9007ED2D7 /* Sous Chef */;
			targetProxy = F2141AFB2BEFF0BA007ED2D7 /* PBXContainerItemProxy */;
		};
		F2141B062BEFF0BA007ED2D7 /* PBXTargetDependency */ = {
			isa = PBXTargetDependency;
			target = F2141AE92BEFF0B9007ED2D7 /* Sous Chef */;
			targetProxy = F2141B052BEFF0BA007ED2D7 /* PBXContainerItemProxy */;
		};
/* End PBXTargetDependency section */

/* Begin XCBuildConfiguration section */
		F2141B0C2BEFF0BA007ED2D7 /* Debug */ = {
			isa = XCBuildConfiguration;
			buildSettings = {
				ALWAYS_SEARCH_USER_PATHS = NO;
				CLANG_ANALYZER_NONNULL = YES;
				CLANG_ANALYZER_NUMBER_OBJECT_CONVERSION = YES_AGGRESSIVE;
				CLANG_CXX_LANGUAGE_STANDARD = "gnu++20";
				CLANG_ENABLE_MODULES = YES;
				CLANG_ENABLE_OBJC_ARC = YES;
				CLANG_ENABLE_OBJC_WEAK = YES;
				CLANG_WARN_BLOCK_CAPTURE_AUTORELEASING = YES;
				CLANG_WARN_BOOL_CONVERSION = YES;
				CLANG_WARN_COMMA = YES;
				CLANG_WARN_CONSTANT_CONVERSION = YES;
				CLANG_WARN_DEPRECATED_OBJC_IMPLEMENTATIONS = YES;
				CLANG_WARN_DIRECT_OBJC_ISA_USAGE = YES_ERROR;
				CLANG_WARN_DOCUMENTATION_COMMENTS = YES;
				CLANG_WARN_EMPTY_BODY = YES;
				CLANG_WARN_ENUM_CONVERSION = YES;
				CLANG_WARN_INFINITE_RECURSION = YES;
				CLANG_WARN_INT_CONVERSION = YES;
				CLANG_WARN_NON_LITERAL_NULL_CONVERSION = YES;
				CLANG_WARN_OBJC_IMPLICIT_RETAIN_SELF = YES;
				CLANG_WARN_OBJC_LITERAL_CONVERSION = YES;
				CLANG_WARN_OBJC_ROOT_CLASS = YES_ERROR;
				CLANG_WARN_QUOTED_INCLUDE_IN_FRAMEWORK_HEADER = YES;
				CLANG_WARN_RANGE_LOOP_ANALYSIS = YES;
				CLANG_WARN_STRICT_PROTOTYPES = YES;
				CLANG_WARN_SUSPICIOUS_MOVE = YES;
				CLANG_WARN_UNGUARDED_AVAILABILITY = YES_AGGRESSIVE;
				CLANG_WARN_UNREACHABLE_CODE = YES;
				CLANG_WARN__DUPLICATE_METHOD_MATCH = YES;
				COPY_PHASE_STRIP = NO;
				DEBUG_INFORMATION_FORMAT = dwarf;
				ENABLE_STRICT_OBJC_MSGSEND = YES;
				ENABLE_TESTABILITY = YES;
				GCC_C_LANGUAGE_STANDARD = gnu11;
				GCC_DYNAMIC_NO_PIC = NO;
				GCC_NO_COMMON_BLOCKS = YES;
				GCC_OPTIMIZATION_LEVEL = 0;
				GCC_PREPROCESSOR_DEFINITIONS = (
					"DEBUG=1",
					"$(inherited)",
				);
				GCC_WARN_64_TO_32_BIT_CONVERSION = YES;
				GCC_WARN_ABOUT_RETURN_TYPE = YES_ERROR;
				GCC_WARN_UNDECLARED_SELECTOR = YES;
				GCC_WARN_UNINITIALIZED_AUTOS = YES_AGGRESSIVE;
				GCC_WARN_UNUSED_FUNCTION = YES;
				GCC_WARN_UNUSED_VARIABLE = YES;
				IPHONEOS_DEPLOYMENT_TARGET = 16.4;
				MTL_ENABLE_DEBUG_INFO = INCLUDE_SOURCE;
				MTL_FAST_MATH = YES;
				ONLY_ACTIVE_ARCH = YES;
				SDKROOT = iphoneos;
				SWIFT_ACTIVE_COMPILATION_CONDITIONS = DEBUG;
				SWIFT_OPTIMIZATION_LEVEL = "-Onone";
			};
			name = Debug;
		};
		F2141B0D2BEFF0BA007ED2D7 /* Release */ = {
			isa = XCBuildConfiguration;
			buildSettings = {
				ALWAYS_SEARCH_USER_PATHS = NO;
				CLANG_ANALYZER_NONNULL = YES;
				CLANG_ANALYZER_NUMBER_OBJECT_CONVERSION = YES_AGGRESSIVE;
				CLANG_CXX_LANGUAGE_STANDARD = "gnu++20";
				CLANG_ENABLE_MODULES = YES;
				CLANG_ENABLE_OBJC_ARC = YES;
				CLANG_ENABLE_OBJC_WEAK = YES;
				CLANG_WARN_BLOCK_CAPTURE_AUTORELEASING = YES;
				CLANG_WARN_BOOL_CONVERSION = YES;
				CLANG_WARN_COMMA = YES;
				CLANG_WARN_CONSTANT_CONVERSION = YES;
				CLANG_WARN_DEPRECATED_OBJC_IMPLEMENTATIONS = YES;
				CLANG_WARN_DIRECT_OBJC_ISA_USAGE = YES_ERROR;
				CLANG_WARN_DOCUMENTATION_COMMENTS = YES;
				CLANG_WARN_EMPTY_BODY = YES;
				CLANG_WARN_ENUM_CONVERSION = YES;
				CLANG_WARN_INFINITE_RECURSION = YES;
				CLANG_WARN_INT_CONVERSION = YES;
				CLANG_WARN_NON_LITERAL_NULL_CONVERSION = YES;
				CLANG_WARN_OBJC_IMPLICIT_RETAIN_SELF = YES;
				CLANG_WARN_OBJC_LITERAL_CONVERSION = YES;
				CLANG_WARN_OBJC_ROOT_CLASS = YES_ERROR;
				CLANG_WARN_QUOTED_INCLUDE_IN_FRAMEWORK_HEADER = YES;
				CLANG_WARN_RANGE_LOOP_ANALYSIS = YES;
				CLANG_WARN_STRICT_PROTOTYPES = YES;
				CLANG_WARN_SUSPICIOUS_MOVE = YES;
				CLANG_WARN_UNGUARDED_AVAILABILITY = YES_AGGRESSIVE;
				CLANG_WARN_UNREACHABLE_CODE = YES;
				CLANG_WARN__DUPLICATE_METHOD_MATCH = YES;
				COPY_PHASE_STRIP = NO;
				DEBUG_INFORMATION_FORMAT = "dwarf-with-dsym";
				ENABLE_NS_ASSERTIONS = NO;
				ENABLE_STRICT_OBJC_MSGSEND = YES;
				GCC_C_LANGUAGE_STANDARD = gnu11;
				GCC_NO_COMMON_BLOCKS = YES;
				GCC_WARN_64_TO_32_BIT_CONVERSION = YES;
				GCC_WARN_ABOUT_RETURN_TYPE = YES_ERROR;
				GCC_WARN_UNDECLARED_SELECTOR = YES;
				GCC_WARN_UNINITIALIZED_AUTOS = YES_AGGRESSIVE;
				GCC_WARN_UNUSED_FUNCTION = YES;
				GCC_WARN_UNUSED_VARIABLE = YES;
				IPHONEOS_DEPLOYMENT_TARGET = 16.4;
				MTL_ENABLE_DEBUG_INFO = NO;
				MTL_FAST_MATH = YES;
				SDKROOT = iphoneos;
				SWIFT_COMPILATION_MODE = wholemodule;
				SWIFT_OPTIMIZATION_LEVEL = "-O";
				VALIDATE_PRODUCT = YES;
			};
			name = Release;
		};
		F2141B0F2BEFF0BA007ED2D7 /* Debug */ = {
			isa = XCBuildConfiguration;
			buildSettings = {
				ASSETCATALOG_COMPILER_APPICON_NAME = AppIcon;
				ASSETCATALOG_COMPILER_GLOBAL_ACCENT_COLOR_NAME = AccentColor;
				CODE_SIGN_STYLE = Automatic;
				CURRENT_PROJECT_VERSION = 1;
				DEVELOPMENT_ASSET_PATHS = "\"Sous Chef/Preview Content\"";
				DEVELOPMENT_TEAM = VQ8L3236G5;
				ENABLE_PREVIEWS = YES;
				GENERATE_INFOPLIST_FILE = YES;
				INFOPLIST_KEY_UIApplicationSceneManifest_Generation = YES;
				INFOPLIST_KEY_UIApplicationSupportsIndirectInputEvents = YES;
				INFOPLIST_KEY_UILaunchScreen_Generation = YES;
				INFOPLIST_KEY_UISupportedInterfaceOrientations_iPad = "UIInterfaceOrientationPortrait UIInterfaceOrientationPortraitUpsideDown UIInterfaceOrientationLandscapeLeft UIInterfaceOrientationLandscapeRight";
				INFOPLIST_KEY_UISupportedInterfaceOrientations_iPhone = "UIInterfaceOrientationPortrait UIInterfaceOrientationLandscapeLeft UIInterfaceOrientationLandscapeRight";
				LD_RUNPATH_SEARCH_PATHS = (
					"$(inherited)",
					"@executable_path/Frameworks",
				);
				MARKETING_VERSION = 1.0;
				PRODUCT_BUNDLE_IDENTIFIER = "Marco.Sous-Chef";
				PRODUCT_NAME = "$(TARGET_NAME)";
				SWIFT_EMIT_LOC_STRINGS = YES;
				SWIFT_VERSION = 5.0;
				TARGETED_DEVICE_FAMILY = "1,2";
			};
			name = Debug;
		};
		F2141B102BEFF0BA007ED2D7 /* Release */ = {
			isa = XCBuildConfiguration;
			buildSettings = {
				ASSETCATALOG_COMPILER_APPICON_NAME = AppIcon;
				ASSETCATALOG_COMPILER_GLOBAL_ACCENT_COLOR_NAME = AccentColor;
				CODE_SIGN_STYLE = Automatic;
				CURRENT_PROJECT_VERSION = 1;
				DEVELOPMENT_ASSET_PATHS = "\"Sous Chef/Preview Content\"";
				DEVELOPMENT_TEAM = VQ8L3236G5;
				ENABLE_PREVIEWS = YES;
				GENERATE_INFOPLIST_FILE = YES;
				INFOPLIST_KEY_UIApplicationSceneManifest_Generation = YES;
				INFOPLIST_KEY_UIApplicationSupportsIndirectInputEvents = YES;
				INFOPLIST_KEY_UILaunchScreen_Generation = YES;
				INFOPLIST_KEY_UISupportedInterfaceOrientations_iPad = "UIInterfaceOrientationPortrait UIInterfaceOrientationPortraitUpsideDown UIInterfaceOrientationLandscapeLeft UIInterfaceOrientationLandscapeRight";
				INFOPLIST_KEY_UISupportedInterfaceOrientations_iPhone = "UIInterfaceOrientationPortrait UIInterfaceOrientationLandscapeLeft UIInterfaceOrientationLandscapeRight";
				LD_RUNPATH_SEARCH_PATHS = (
					"$(inherited)",
					"@executable_path/Frameworks",
				);
				MARKETING_VERSION = 1.0;
				PRODUCT_BUNDLE_IDENTIFIER = "Marco.Sous-Chef";
				PRODUCT_NAME = "$(TARGET_NAME)";
				SWIFT_EMIT_LOC_STRINGS = YES;
				SWIFT_VERSION = 5.0;
				TARGETED_DEVICE_FAMILY = "1,2";
			};
			name = Release;
		};
		F2141B122BEFF0BA007ED2D7 /* Debug */ = {
			isa = XCBuildConfiguration;
			buildSettings = {
				ALWAYS_EMBED_SWIFT_STANDARD_LIBRARIES = YES;
				BUNDLE_LOADER = "$(TEST_HOST)";
				CODE_SIGN_STYLE = Automatic;
				CURRENT_PROJECT_VERSION = 1;
				DEVELOPMENT_TEAM = VQ8L3236G5;
				GENERATE_INFOPLIST_FILE = YES;
				IPHONEOS_DEPLOYMENT_TARGET = 16.4;
				MARKETING_VERSION = 1.0;
				PRODUCT_BUNDLE_IDENTIFIER = "Marco.Sous-ChefTests";
				PRODUCT_NAME = "$(TARGET_NAME)";
				SWIFT_EMIT_LOC_STRINGS = NO;
				SWIFT_VERSION = 5.0;
				TARGETED_DEVICE_FAMILY = "1,2";
				TEST_HOST = "$(BUILT_PRODUCTS_DIR)/Sous Chef.app/$(BUNDLE_EXECUTABLE_FOLDER_PATH)/Sous Chef";
			};
			name = Debug;
		};
		F2141B132BEFF0BA007ED2D7 /* Release */ = {
			isa = XCBuildConfiguration;
			buildSettings = {
				ALWAYS_EMBED_SWIFT_STANDARD_LIBRARIES = YES;
				BUNDLE_LOADER = "$(TEST_HOST)";
				CODE_SIGN_STYLE = Automatic;
				CURRENT_PROJECT_VERSION = 1;
				DEVELOPMENT_TEAM = VQ8L3236G5;
				GENERATE_INFOPLIST_FILE = YES;
				IPHONEOS_DEPLOYMENT_TARGET = 16.4;
				MARKETING_VERSION = 1.0;
				PRODUCT_BUNDLE_IDENTIFIER = "Marco.Sous-ChefTests";
				PRODUCT_NAME = "$(TARGET_NAME)";
				SWIFT_EMIT_LOC_STRINGS = NO;
				SWIFT_VERSION = 5.0;
				TARGETED_DEVICE_FAMILY = "1,2";
				TEST_HOST = "$(BUILT_PRODUCTS_DIR)/Sous Chef.app/$(BUNDLE_EXECUTABLE_FOLDER_PATH)/Sous Chef";
			};
			name = Release;
		};
		F2141B152BEFF0BA007ED2D7 /* Debug */ = {
			isa = XCBuildConfiguration;
			buildSettings = {
				ALWAYS_EMBED_SWIFT_STANDARD_LIBRARIES = YES;
				CODE_SIGN_STYLE = Automatic;
				CURRENT_PROJECT_VERSION = 1;
				DEVELOPMENT_TEAM = VQ8L3236G5;
				GENERATE_INFOPLIST_FILE = YES;
				MARKETING_VERSION = 1.0;
				PRODUCT_BUNDLE_IDENTIFIER = "Marco.Sous-ChefUITests";
				PRODUCT_NAME = "$(TARGET_NAME)";
				SWIFT_EMIT_LOC_STRINGS = NO;
				SWIFT_VERSION = 5.0;
				TARGETED_DEVICE_FAMILY = "1,2";
				TEST_TARGET_NAME = "Sous Chef";
			};
			name = Debug;
		};
		F2141B162BEFF0BA007ED2D7 /* Release */ = {
			isa = XCBuildConfiguration;
			buildSettings = {
				ALWAYS_EMBED_SWIFT_STANDARD_LIBRARIES = YES;
				CODE_SIGN_STYLE = Automatic;
				CURRENT_PROJECT_VERSION = 1;
				DEVELOPMENT_TEAM = VQ8L3236G5;
				GENERATE_INFOPLIST_FILE = YES;
				MARKETING_VERSION = 1.0;
				PRODUCT_BUNDLE_IDENTIFIER = "Marco.Sous-ChefUITests";
				PRODUCT_NAME = "$(TARGET_NAME)";
				SWIFT_EMIT_LOC_STRINGS = NO;
				SWIFT_VERSION = 5.0;
				TARGETED_DEVICE_FAMILY = "1,2";
				TEST_TARGET_NAME = "Sous Chef";
			};
			name = Release;
		};
/* End XCBuildConfiguration section */

/* Begin XCConfigurationList section */
		F2141AE52BEFF0B8007ED2D7 /* Build configuration list for PBXProject "Sous Chef" */ = {
			isa = XCConfigurationList;
			buildConfigurations = (
				F2141B0C2BEFF0BA007ED2D7 /* Debug */,
				F2141B0D2BEFF0BA007ED2D7 /* Release */,
			);
			defaultConfigurationIsVisible = 0;
			defaultConfigurationName = Release;
		};
		F2141B0E2BEFF0BA007ED2D7 /* Build configuration list for PBXNativeTarget "Sous Chef" */ = {
			isa = XCConfigurationList;
			buildConfigurations = (
				F2141B0F2BEFF0BA007ED2D7 /* Debug */,
				F2141B102BEFF0BA007ED2D7 /* Release */,
			);
			defaultConfigurationIsVisible = 0;
			defaultConfigurationName = Release;
		};
		F2141B112BEFF0BA007ED2D7 /* Build configuration list for PBXNativeTarget "Sous ChefTests" */ = {
			isa = XCConfigurationList;
			buildConfigurations = (
				F2141B122BEFF0BA007ED2D7 /* Debug */,
				F2141B132BEFF0BA007ED2D7 /* Release */,
			);
			defaultConfigurationIsVisible = 0;
			defaultConfigurationName = Release;
		};
		F2141B142BEFF0BA007ED2D7 /* Build configuration list for PBXNativeTarget "Sous ChefUITests" */ = {
			isa = XCConfigurationList;
			buildConfigurations = (
				F2141B152BEFF0BA007ED2D7 /* Debug */,
				F2141B162BEFF0BA007ED2D7 /* Release */,
			);
			defaultConfigurationIsVisible = 0;
			defaultConfigurationName = Release;
		};
/* End XCConfigurationList section */
	};
	rootObject = F2141AE22BEFF0B8007ED2D7 /* Project object */;
}
